
Microsoft Visual Studio Solution File, Format Version 12.00
# Visual Studio Version 17
VisualStudioVersion = 17.2.32526.322
MinimumVisualStudioVersion = 10.0.40219.1
Project("{FAE04EC0-301F-11D3-BF4B-00C04F79EFBC}") = "ImageViewer", "ImageViewer\ImageViewer.csproj", "{CD4A7E5D-4414-4CB5-98B8-00CCD25C8D08}"
EndProject
Project("{9A19103F-16F7-4668-BE54-9A1E7A4F7556}") = "ImageViewer.BingHelper", "BingHelper\ImageViewer.BingHelper.csproj", "{C47D39CF-9A23-40D3-A427-617AD69AB12D}"
EndProject
Project("{FAE04EC0-301F-11D3-BF4B-00C04F79EFBC}") = "TINY", "TINYSharp\TINY\TINY.csproj", "{ECF4F0DE-156E-4634-8655-261043ACEEEE}"
EndProject
Project("{FAE04EC0-301F-11D3-BF4B-00C04F79EFBC}") = "ImageViewer.ThumbnailProvider", "ImageViewer.ThumbnailProvider\ImageViewer.ThumbnailProvider.csproj", "{DAC2D29E-990B-4539-BD2A-4AE280310B91}"
EndProject
Project("{FAE04EC0-301F-11D3-BF4B-00C04F79EFBC}") = "ImageViewer.Common", "ImageViewer.Common\ImageViewer.Common.csproj", "{67196341-C77B-418C-8996-1893A06F56CF}"
EndProject
Project("{54435603-DBB4-11D2-8724-00A0C9A8B90C}") = "ImageViewerSetup", "ImageViewerSetup\ImageViewerSetup.vdproj", "{1D84A814-CC71-400B-BC0C-66000356FD0E}"
EndProject
Project("{FAE04EC0-301F-11D3-BF4B-00C04F79EFBC}") = "LibObiNet", "OpenBookImage\LibObiNet\LibObiNet.csproj", "{AE790CCC-72D0-4D1D-922A-179A7072E36B}"
EndProject
Project("{FAE04EC0-301F-11D3-BF4B-00C04F79EFBC}") = "LibObiNet.Dithering", "OpenBookImage\LibObiNet.Dithering\LibObiNet.Dithering.csproj", "{01D7D095-D0BD-4217-8277-076530BBACCD}"
EndProject
Global
	GlobalSection(SolutionConfigurationPlatforms) = preSolution
		Debug|Any CPU = Debug|Any CPU
		Release|Any CPU = Release|Any CPU
	EndGlobalSection
	GlobalSection(ProjectConfigurationPlatforms) = postSolution
		{CD4A7E5D-4414-4CB5-98B8-00CCD25C8D08}.Debug|Any CPU.ActiveCfg = Debug|Any CPU
		{CD4A7E5D-4414-4CB5-98B8-00CCD25C8D08}.Debug|Any CPU.Build.0 = Debug|Any CPU
		{CD4A7E5D-4414-4CB5-98B8-00CCD25C8D08}.Release|Any CPU.ActiveCfg = Release|Any CPU
		{CD4A7E5D-4414-4CB5-98B8-00CCD25C8D08}.Release|Any CPU.Build.0 = Release|Any CPU
		{C47D39CF-9A23-40D3-A427-617AD69AB12D}.Debug|Any CPU.ActiveCfg = Debug|Any CPU
		{C47D39CF-9A23-40D3-A427-617AD69AB12D}.Debug|Any CPU.Build.0 = Debug|Any CPU
		{C47D39CF-9A23-40D3-A427-617AD69AB12D}.Release|Any CPU.ActiveCfg = Release|Any CPU
		{C47D39CF-9A23-40D3-A427-617AD69AB12D}.Release|Any CPU.Build.0 = Release|Any CPU
		{ECF4F0DE-156E-4634-8655-261043ACEEEE}.Debug|Any CPU.ActiveCfg = Debug|Any CPU
		{ECF4F0DE-156E-4634-8655-261043ACEEEE}.Debug|Any CPU.Build.0 = Debug|Any CPU
		{ECF4F0DE-156E-4634-8655-261043ACEEEE}.Release|Any CPU.ActiveCfg = Release|Any CPU
		{ECF4F0DE-156E-4634-8655-261043ACEEEE}.Release|Any CPU.Build.0 = Release|Any CPU
		{DAC2D29E-990B-4539-BD2A-4AE280310B91}.Debug|Any CPU.ActiveCfg = Debug|Any CPU
		{DAC2D29E-990B-4539-BD2A-4AE280310B91}.Debug|Any CPU.Build.0 = Debug|Any CPU
		{DAC2D29E-990B-4539-BD2A-4AE280310B91}.Release|Any CPU.ActiveCfg = Release|Any CPU
		{DAC2D29E-990B-4539-BD2A-4AE280310B91}.Release|Any CPU.Build.0 = Release|Any CPU
		{67196341-C77B-418C-8996-1893A06F56CF}.Debug|Any CPU.ActiveCfg = Debug|Any CPU
		{67196341-C77B-418C-8996-1893A06F56CF}.Debug|Any CPU.Build.0 = Debug|Any CPU
		{67196341-C77B-418C-8996-1893A06F56CF}.Release|Any CPU.ActiveCfg = Release|Any CPU
		{67196341-C77B-418C-8996-1893A06F56CF}.Release|Any CPU.Build.0 = Release|Any CPU
		{1D84A814-CC71-400B-BC0C-66000356FD0E}.Debug|Any CPU.ActiveCfg = Debug
		{1D84A814-CC71-400B-BC0C-66000356FD0E}.Release|Any CPU.ActiveCfg = Release
		{AE790CCC-72D0-4D1D-922A-179A7072E36B}.Debug|Any CPU.ActiveCfg = Debug|Any CPU
		{AE790CCC-72D0-4D1D-922A-179A7072E36B}.Debug|Any CPU.Build.0 = Debug|Any CPU
		{AE790CCC-72D0-4D1D-922A-179A7072E36B}.Release|Any CPU.ActiveCfg = Release|Any CPU
		{AE790CCC-72D0-4D1D-922A-179A7072E36B}.Release|Any CPU.Build.0 = Release|Any CPU
		{01D7D095-D0BD-4217-8277-076530BBACCD}.Debug|Any CPU.ActiveCfg = Debug|Any CPU
		{01D7D095-D0BD-4217-8277-076530BBACCD}.Debug|Any CPU.Build.0 = Debug|Any CPU
		{01D7D095-D0BD-4217-8277-076530BBACCD}.Release|Any CPU.ActiveCfg = Release|Any CPU
		{01D7D095-D0BD-4217-8277-076530BBACCD}.Release|Any CPU.Build.0 = Release|Any CPU
	EndGlobalSection
	GlobalSection(SolutionProperties) = preSolution
		HideSolutionNode = FALSE
	EndGlobalSection
	GlobalSection(ExtensibilityGlobals) = postSolution
		SolutionGuid = {BAB2E69A-D1E4-4E6B-AC05-FE1793E98F5B}
	EndGlobalSection
EndGlobal
